
Microsoft Visual Studio Solution File, Format Version 12.00
# Visual Studio Version 16
VisualStudioVersion = 16.0.30002.166
MinimumVisualStudioVersion = 10.0.40219.1
Project("{FAE04EC0-301F-11D3-BF4B-00C04F79EFBC}") = "KDrawing", "KDrawing\KDrawing.csproj", "{F9B49253-F815-40DD-A4F5-12DD8047281B}"
EndProject
Project("{FAE04EC0-301F-11D3-BF4B-00C04F79EFBC}") = "KDrawing.KControls", "KDrawing.KControls\KDrawing.KControls.csproj", "{2AAE1A04-95A0-4116-9C40-905826733386}"
EndProject
Project("{FAE04EC0-301F-11D3-BF4B-00C04F79EFBC}") = "KDrawing.Vendors", "KDrawing.Vendors\KDrawing.Vendors.csproj", "{685E9EA2-4D43-4C5F-8001-32F921A8353C}"
EndProject
Project("{FAE04EC0-301F-11D3-BF4B-00C04F79EFBC}") = "KDrawing.Models", "KDrawing.Models\KDrawing.Models.csproj", "{2A7FD386-B53B-45DE-92FA-7F2B4072BB5D}"
EndProject
Global
	GlobalSection(SolutionConfigurationPlatforms) = preSolution
		Debug|Any CPU = Debug|Any CPU
		Release|Any CPU = Release|Any CPU
	EndGlobalSection
	GlobalSection(ProjectConfigurationPlatforms) = postSolution
		{F9B49253-F815-40DD-A4F5-12DD8047281B}.Debug|Any CPU.ActiveCfg = Debug|Any CPU
		{F9B49253-F815-40DD-A4F5-12DD8047281B}.Debug|Any CPU.Build.0 = Debug|Any CPU
		{F9B49253-F815-40DD-A4F5-12DD8047281B}.Release|Any CPU.ActiveCfg = Release|Any CPU
		{F9B49253-F815-40DD-A4F5-12DD8047281B}.Release|Any CPU.Build.0 = Release|Any CPU
		{2AAE1A04-95A0-4116-9C40-905826733386}.Debug|Any CPU.ActiveCfg = Debug|Any CPU
		{2AAE1A04-95A0-4116-9C40-905826733386}.Debug|Any CPU.Build.0 = Debug|Any CPU
		{2AAE1A04-95A0-4116-9C40-905826733386}.Release|Any CPU.ActiveCfg = Release|Any CPU
		{2AAE1A04-95A0-4116-9C40-905826733386}.Release|Any CPU.Build.0 = Release|Any CPU
		{685E9EA2-4D43-4C5F-8001-32F921A8353C}.Debug|Any CPU.ActiveCfg = Debug|Any CPU
		{685E9EA2-4D43-4C5F-8001-32F921A8353C}.Debug|Any CPU.Build.0 = Debug|Any CPU
		{685E9EA2-4D43-4C5F-8001-32F921A8353C}.Release|Any CPU.ActiveCfg = Release|Any CPU
		{685E9EA2-4D43-4C5F-8001-32F921A8353C}.Release|Any CPU.Build.0 = Release|Any CPU
		{2A7FD386-B53B-45DE-92FA-7F2B4072BB5D}.Debug|Any CPU.ActiveCfg = Debug|Any CPU
		{2A7FD386-B53B-45DE-92FA-7F2B4072BB5D}.Debug|Any CPU.Build.0 = Debug|Any CPU
		{2A7FD386-B53B-45DE-92FA-7F2B4072BB5D}.Release|Any CPU.ActiveCfg = Release|Any CPU
		{2A7FD386-B53B-45DE-92FA-7F2B4072BB5D}.Release|Any CPU.Build.0 = Release|Any CPU
	EndGlobalSection
	GlobalSection(SolutionProperties) = preSolution
		HideSolutionNode = FALSE
	EndGlobalSection
	GlobalSection(ExtensibilityGlobals) = postSolution
		SolutionGuid = {76F93A14-6679-4A57-AF90-3E29638D999C}
	EndGlobalSection
EndGlobal
